
Microsoft Visual Studio Solution File, Format Version 12.00
# Visual Studio Version 17
VisualStudioVersion = 17.9.34728.123
MinimumVisualStudioVersion = 10.0.40219.1
Project("{FAE04EC0-301F-11D3-BF4B-00C04F79EFBC}") = "zad1", "zad1\zad1.csproj", "{F226051C-9B0F-44E9-88C1-759167116EC1}"
EndProject
Global
	GlobalSection(SolutionConfigurationPlatforms) = preSolution
		Debug|Any CPU = Debug|Any CPU
		Release|Any CPU = Release|Any CPU
	EndGlobalSection
	GlobalSection(ProjectConfigurationPlatforms) = postSolution
		{F226051C-9B0F-44E9-88C1-759167116EC1}.Debug|Any CPU.ActiveCfg = Debug|Any CPU
		{F226051C-9B0F-44E9-88C1-759167116EC1}.Debug|Any CPU.Build.0 = Debug|Any CPU
		{F226051C-9B0F-44E9-88C1-759167116EC1}.Release|Any CPU.ActiveCfg = Release|Any CPU
		{F226051C-9B0F-44E9-88C1-759167116EC1}.Release|Any CPU.Build.0 = Release|Any CPU
	EndGlobalSection
	GlobalSection(SolutionProperties) = preSolution
		HideSolutionNode = FALSE
	EndGlobalSection
	GlobalSection(ExtensibilityGlobals) = postSolution
		SolutionGuid = {C45A722B-A50B-44B7-B0C4-D43369E2949F}
	EndGlobalSection
EndGlobal
