
Microsoft Visual Studio Solution File, Format Version 12.00
# Visual Studio Version 17
VisualStudioVersion = 17.3.32825.248
MinimumVisualStudioVersion = 10.0.40219.1
Project("{FAE04EC0-301F-11D3-BF4B-00C04F79EFBC}") = "Zad_1", "Arabok_2\Zad_1.csproj", "{744AAE5C-F116-4782-AD1C-BE6C5F0D4020}"
EndProject
Project("{FAE04EC0-301F-11D3-BF4B-00C04F79EFBC}") = "Zad_2", "Zad_2\Zad_2.csproj", "{C920DC87-8077-4C8B-A88C-BAF5745E9A41}"
EndProject
Global
	GlobalSection(SolutionConfigurationPlatforms) = preSolution
		Debug|Any CPU = Debug|Any CPU
		Release|Any CPU = Release|Any CPU
	EndGlobalSection
	GlobalSection(ProjectConfigurationPlatforms) = postSolution
		{744AAE5C-F116-4782-AD1C-BE6C5F0D4020}.Debug|Any CPU.ActiveCfg = Debug|Any CPU
		{744AAE5C-F116-4782-AD1C-BE6C5F0D4020}.Debug|Any CPU.Build.0 = Debug|Any CPU
		{744AAE5C-F116-4782-AD1C-BE6C5F0D4020}.Release|Any CPU.ActiveCfg = Release|Any CPU
		{744AAE5C-F116-4782-AD1C-BE6C5F0D4020}.Release|Any CPU.Build.0 = Release|Any CPU
		{C920DC87-8077-4C8B-A88C-BAF5745E9A41}.Debug|Any CPU.ActiveCfg = Debug|Any CPU
		{C920DC87-8077-4C8B-A88C-BAF5745E9A41}.Debug|Any CPU.Build.0 = Debug|Any CPU
		{C920DC87-8077-4C8B-A88C-BAF5745E9A41}.Release|Any CPU.ActiveCfg = Release|Any CPU
		{C920DC87-8077-4C8B-A88C-BAF5745E9A41}.Release|Any CPU.Build.0 = Release|Any CPU
	EndGlobalSection
	GlobalSection(SolutionProperties) = preSolution
		HideSolutionNode = FALSE
	EndGlobalSection
	GlobalSection(ExtensibilityGlobals) = postSolution
		SolutionGuid = {278557A9-1AEF-4C62-8A65-380D0099A019}
	EndGlobalSection
EndGlobal
