
Microsoft Visual Studio Solution File, Format Version 12.00
# Visual Studio Version 17
VisualStudioVersion = 17.9.34728.123
MinimumVisualStudioVersion = 10.0.40219.1
Project("{FAE04EC0-301F-11D3-BF4B-00C04F79EFBC}") = "Zad_1", "Zad_1\Zad_1.csproj", "{C41D41FA-D0C3-44EE-BCDE-66E6E92C1E9C}"
EndProject
Project("{FAE04EC0-301F-11D3-BF4B-00C04F79EFBC}") = "Zad_2", "Zad_2\Zad_2.csproj", "{70C4453B-BBE0-48CC-BAE9-5403963DAA41}"
EndProject
Project("{FAE04EC0-301F-11D3-BF4B-00C04F79EFBC}") = "Zad_3", "Zad_3\Zad_3.csproj", "{104A5E47-B277-4A64-A11D-C83CC9D80199}"
EndProject
Project("{FAE04EC0-301F-11D3-BF4B-00C04F79EFBC}") = "Zad_4", "Zad_4\Zad_4.csproj", "{83A53DD3-82A3-4B68-AAF9-9C40110FD79B}"
EndProject
Global
	GlobalSection(SolutionConfigurationPlatforms) = preSolution
		Debug|Any CPU = Debug|Any CPU
		Release|Any CPU = Release|Any CPU
	EndGlobalSection
	GlobalSection(ProjectConfigurationPlatforms) = postSolution
		{C41D41FA-D0C3-44EE-BCDE-66E6E92C1E9C}.Debug|Any CPU.ActiveCfg = Debug|Any CPU
		{C41D41FA-D0C3-44EE-BCDE-66E6E92C1E9C}.Debug|Any CPU.Build.0 = Debug|Any CPU
		{C41D41FA-D0C3-44EE-BCDE-66E6E92C1E9C}.Release|Any CPU.ActiveCfg = Release|Any CPU
		{C41D41FA-D0C3-44EE-BCDE-66E6E92C1E9C}.Release|Any CPU.Build.0 = Release|Any CPU
		{70C4453B-BBE0-48CC-BAE9-5403963DAA41}.Debug|Any CPU.ActiveCfg = Debug|Any CPU
		{70C4453B-BBE0-48CC-BAE9-5403963DAA41}.Debug|Any CPU.Build.0 = Debug|Any CPU
		{70C4453B-BBE0-48CC-BAE9-5403963DAA41}.Release|Any CPU.ActiveCfg = Release|Any CPU
		{70C4453B-BBE0-48CC-BAE9-5403963DAA41}.Release|Any CPU.Build.0 = Release|Any CPU
		{104A5E47-B277-4A64-A11D-C83CC9D80199}.Debug|Any CPU.ActiveCfg = Debug|Any CPU
		{104A5E47-B277-4A64-A11D-C83CC9D80199}.Debug|Any CPU.Build.0 = Debug|Any CPU
		{104A5E47-B277-4A64-A11D-C83CC9D80199}.Release|Any CPU.ActiveCfg = Release|Any CPU
		{104A5E47-B277-4A64-A11D-C83CC9D80199}.Release|Any CPU.Build.0 = Release|Any CPU
		{83A53DD3-82A3-4B68-AAF9-9C40110FD79B}.Debug|Any CPU.ActiveCfg = Debug|Any CPU
		{83A53DD3-82A3-4B68-AAF9-9C40110FD79B}.Debug|Any CPU.Build.0 = Debug|Any CPU
		{83A53DD3-82A3-4B68-AAF9-9C40110FD79B}.Release|Any CPU.ActiveCfg = Release|Any CPU
		{83A53DD3-82A3-4B68-AAF9-9C40110FD79B}.Release|Any CPU.Build.0 = Release|Any CPU
	EndGlobalSection
	GlobalSection(SolutionProperties) = preSolution
		HideSolutionNode = FALSE
	EndGlobalSection
	GlobalSection(ExtensibilityGlobals) = postSolution
		SolutionGuid = {47BFF1F6-7CD9-4E46-A89D-664CC2007697}
	EndGlobalSection
EndGlobal
