
Microsoft Visual Studio Solution File, Format Version 12.00
# Visual Studio Version 17
VisualStudioVersion = 17.9.34728.123
MinimumVisualStudioVersion = 10.0.40219.1
Project("{FAE04EC0-301F-11D3-BF4B-00C04F79EFBC}") = "Zad_1", "Zad_1\Zad_1.csproj", "{B7EDE6D4-59C3-44D9-98EB-E83814900610}"
EndProject
Project("{FAE04EC0-301F-11D3-BF4B-00C04F79EFBC}") = "Zad_2", "Zad_2\Zad_2.csproj", "{BEB3D573-CBCE-4EB2-BCBE-61E0C52FD2B5}"
EndProject
Global
	GlobalSection(SolutionConfigurationPlatforms) = preSolution
		Debug|Any CPU = Debug|Any CPU
		Release|Any CPU = Release|Any CPU
	EndGlobalSection
	GlobalSection(ProjectConfigurationPlatforms) = postSolution
		{B7EDE6D4-59C3-44D9-98EB-E83814900610}.Debug|Any CPU.ActiveCfg = Debug|Any CPU
		{B7EDE6D4-59C3-44D9-98EB-E83814900610}.Debug|Any CPU.Build.0 = Debug|Any CPU
		{B7EDE6D4-59C3-44D9-98EB-E83814900610}.Release|Any CPU.ActiveCfg = Release|Any CPU
		{B7EDE6D4-59C3-44D9-98EB-E83814900610}.Release|Any CPU.Build.0 = Release|Any CPU
		{BEB3D573-CBCE-4EB2-BCBE-61E0C52FD2B5}.Debug|Any CPU.ActiveCfg = Debug|Any CPU
		{BEB3D573-CBCE-4EB2-BCBE-61E0C52FD2B5}.Debug|Any CPU.Build.0 = Debug|Any CPU
		{BEB3D573-CBCE-4EB2-BCBE-61E0C52FD2B5}.Release|Any CPU.ActiveCfg = Release|Any CPU
		{BEB3D573-CBCE-4EB2-BCBE-61E0C52FD2B5}.Release|Any CPU.Build.0 = Release|Any CPU
	EndGlobalSection
	GlobalSection(SolutionProperties) = preSolution
		HideSolutionNode = FALSE
	EndGlobalSection
	GlobalSection(ExtensibilityGlobals) = postSolution
		SolutionGuid = {57F07C61-7829-47DA-A2AE-E58EBCEBF47D}
	EndGlobalSection
EndGlobal
