
Microsoft Visual Studio Solution File, Format Version 12.00
# Visual Studio Version 17
VisualStudioVersion = 17.9.34607.119
MinimumVisualStudioVersion = 10.0.40219.1
Project("{FAE04EC0-301F-11D3-BF4B-00C04F79EFBC}") = "zad1", "zad1\zad1.csproj", "{53A3121E-8CD3-424D-BA75-90DC620FADC2}"
EndProject
Project("{FAE04EC0-301F-11D3-BF4B-00C04F79EFBC}") = "zad2", "zad2\zad2.csproj", "{4C2EC68A-74C6-479C-B1CE-C163DD36B8BC}"
EndProject
Project("{FAE04EC0-301F-11D3-BF4B-00C04F79EFBC}") = "zad3", "zad3\zad3.csproj", "{D9FE30D4-B9CB-4E46-B949-AF9DDABD837E}"
EndProject
Global
	GlobalSection(SolutionConfigurationPlatforms) = preSolution
		Debug|Any CPU = Debug|Any CPU
		Release|Any CPU = Release|Any CPU
	EndGlobalSection
	GlobalSection(ProjectConfigurationPlatforms) = postSolution
		{53A3121E-8CD3-424D-BA75-90DC620FADC2}.Debug|Any CPU.ActiveCfg = Debug|Any CPU
		{53A3121E-8CD3-424D-BA75-90DC620FADC2}.Debug|Any CPU.Build.0 = Debug|Any CPU
		{53A3121E-8CD3-424D-BA75-90DC620FADC2}.Release|Any CPU.ActiveCfg = Release|Any CPU
		{53A3121E-8CD3-424D-BA75-90DC620FADC2}.Release|Any CPU.Build.0 = Release|Any CPU
		{4C2EC68A-74C6-479C-B1CE-C163DD36B8BC}.Debug|Any CPU.ActiveCfg = Debug|Any CPU
		{4C2EC68A-74C6-479C-B1CE-C163DD36B8BC}.Debug|Any CPU.Build.0 = Debug|Any CPU
		{4C2EC68A-74C6-479C-B1CE-C163DD36B8BC}.Release|Any CPU.ActiveCfg = Release|Any CPU
		{4C2EC68A-74C6-479C-B1CE-C163DD36B8BC}.Release|Any CPU.Build.0 = Release|Any CPU
		{D9FE30D4-B9CB-4E46-B949-AF9DDABD837E}.Debug|Any CPU.ActiveCfg = Debug|Any CPU
		{D9FE30D4-B9CB-4E46-B949-AF9DDABD837E}.Debug|Any CPU.Build.0 = Debug|Any CPU
		{D9FE30D4-B9CB-4E46-B949-AF9DDABD837E}.Release|Any CPU.ActiveCfg = Release|Any CPU
		{D9FE30D4-B9CB-4E46-B949-AF9DDABD837E}.Release|Any CPU.Build.0 = Release|Any CPU
	EndGlobalSection
	GlobalSection(SolutionProperties) = preSolution
		HideSolutionNode = FALSE
	EndGlobalSection
	GlobalSection(ExtensibilityGlobals) = postSolution
		SolutionGuid = {854779AF-9F9F-4DBF-B48E-198F9044BD78}
	EndGlobalSection
EndGlobal
