
Microsoft Visual Studio Solution File, Format Version 12.00
# Visual Studio Version 17
VisualStudioVersion = 17.9.34728.123
MinimumVisualStudioVersion = 10.0.40219.1
Project("{FAE04EC0-301F-11D3-BF4B-00C04F79EFBC}") = "Zad_1", "Zad_1\Zad_1.csproj", "{2FDC22CE-CF87-472E-BE1F-24A7899D0103}"
EndProject
Project("{FAE04EC0-301F-11D3-BF4B-00C04F79EFBC}") = "Zad_2", "Zad_2\Zad_2.csproj", "{2E6EDC26-B08C-4665-A366-E35C30C93A1F}"
EndProject
Project("{FAE04EC0-301F-11D3-BF4B-00C04F79EFBC}") = "Zad_3", "Zad_3\Zad_3.csproj", "{395BA903-FF3F-455C-A8A7-7C657D6EAB6A}"
EndProject
Project("{FAE04EC0-301F-11D3-BF4B-00C04F79EFBC}") = "Zad_4", "Zad_4\Zad_4.csproj", "{294C88A8-8C5D-481D-8696-9A0B451BB599}"
EndProject
Global
	GlobalSection(SolutionConfigurationPlatforms) = preSolution
		Debug|Any CPU = Debug|Any CPU
		Release|Any CPU = Release|Any CPU
	EndGlobalSection
	GlobalSection(ProjectConfigurationPlatforms) = postSolution
		{2FDC22CE-CF87-472E-BE1F-24A7899D0103}.Debug|Any CPU.ActiveCfg = Debug|Any CPU
		{2FDC22CE-CF87-472E-BE1F-24A7899D0103}.Debug|Any CPU.Build.0 = Debug|Any CPU
		{2FDC22CE-CF87-472E-BE1F-24A7899D0103}.Release|Any CPU.ActiveCfg = Release|Any CPU
		{2FDC22CE-CF87-472E-BE1F-24A7899D0103}.Release|Any CPU.Build.0 = Release|Any CPU
		{2E6EDC26-B08C-4665-A366-E35C30C93A1F}.Debug|Any CPU.ActiveCfg = Debug|Any CPU
		{2E6EDC26-B08C-4665-A366-E35C30C93A1F}.Debug|Any CPU.Build.0 = Debug|Any CPU
		{2E6EDC26-B08C-4665-A366-E35C30C93A1F}.Release|Any CPU.ActiveCfg = Release|Any CPU
		{2E6EDC26-B08C-4665-A366-E35C30C93A1F}.Release|Any CPU.Build.0 = Release|Any CPU
		{395BA903-FF3F-455C-A8A7-7C657D6EAB6A}.Debug|Any CPU.ActiveCfg = Debug|Any CPU
		{395BA903-FF3F-455C-A8A7-7C657D6EAB6A}.Debug|Any CPU.Build.0 = Debug|Any CPU
		{395BA903-FF3F-455C-A8A7-7C657D6EAB6A}.Release|Any CPU.ActiveCfg = Release|Any CPU
		{395BA903-FF3F-455C-A8A7-7C657D6EAB6A}.Release|Any CPU.Build.0 = Release|Any CPU
		{294C88A8-8C5D-481D-8696-9A0B451BB599}.Debug|Any CPU.ActiveCfg = Debug|Any CPU
		{294C88A8-8C5D-481D-8696-9A0B451BB599}.Debug|Any CPU.Build.0 = Debug|Any CPU
		{294C88A8-8C5D-481D-8696-9A0B451BB599}.Release|Any CPU.ActiveCfg = Release|Any CPU
		{294C88A8-8C5D-481D-8696-9A0B451BB599}.Release|Any CPU.Build.0 = Release|Any CPU
	EndGlobalSection
	GlobalSection(SolutionProperties) = preSolution
		HideSolutionNode = FALSE
	EndGlobalSection
	GlobalSection(ExtensibilityGlobals) = postSolution
		SolutionGuid = {E46D435E-1A97-4E60-84D9-999E1A6D0344}
	EndGlobalSection
EndGlobal
