
Microsoft Visual Studio Solution File, Format Version 12.00
# Visual Studio Version 17
VisualStudioVersion = 17.9.34728.123
MinimumVisualStudioVersion = 10.0.40219.1
Project("{FAE04EC0-301F-11D3-BF4B-00C04F79EFBC}") = "Zad_1", "Zad_1\Zad_1.csproj", "{1BE1763E-A838-4918-9305-CE50853429A5}"
EndProject
Project("{FAE04EC0-301F-11D3-BF4B-00C04F79EFBC}") = "Zad_2", "Zad_2\Zad_2.csproj", "{DC48A612-43C0-40E9-AA3F-694E0D2A8F46}"
EndProject
Project("{FAE04EC0-301F-11D3-BF4B-00C04F79EFBC}") = "Zad_3", "Zad_3\Zad_3.csproj", "{FD0D3C72-9681-4B87-9A91-2870E8EF70B4}"
EndProject
Project("{FAE04EC0-301F-11D3-BF4B-00C04F79EFBC}") = "Zad_4", "Zad_4\Zad_4.csproj", "{90475A9B-B852-4AEC-A2AE-9DF9EECDFD4A}"
EndProject
Project("{FAE04EC0-301F-11D3-BF4B-00C04F79EFBC}") = "Zad_5", "Zad_5\Zad_5.csproj", "{48F0BFF7-4878-49A8-B10C-BD6591269DCD}"
EndProject
Project("{FAE04EC0-301F-11D3-BF4B-00C04F79EFBC}") = "Zad_6", "Zad_6\Zad_6.csproj", "{31E9C7DC-7D98-4EF4-9E12-CCFC35901F0F}"
EndProject
Project("{FAE04EC0-301F-11D3-BF4B-00C04F79EFBC}") = "Zad_7", "Zad_7\Zad_7.csproj", "{2E6A969B-0861-4E23-B81E-5825202637DD}"
EndProject
Project("{FAE04EC0-301F-11D3-BF4B-00C04F79EFBC}") = "Zad_8", "Zad_8\Zad_8.csproj", "{54A19034-4A53-4A76-8672-CFF56E9EE0DF}"
EndProject
Project("{FAE04EC0-301F-11D3-BF4B-00C04F79EFBC}") = "Zad_9", "Zad_9\Zad_9.csproj", "{0AA00F76-B59C-4B0D-91AC-D00D27454AE9}"
EndProject
Project("{FAE04EC0-301F-11D3-BF4B-00C04F79EFBC}") = "Zad_10", "Zad_10\Zad_10.csproj", "{8C694552-C538-46BB-A6F2-A199B1F908FD}"
EndProject
Project("{FAE04EC0-301F-11D3-BF4B-00C04F79EFBC}") = "Zad_11", "Zad_11\Zad_11.csproj", "{7DBBEF0A-5258-4D7A-84B8-EE60D4158A6F}"
EndProject
Project("{FAE04EC0-301F-11D3-BF4B-00C04F79EFBC}") = "Zad_12", "Zad_12\Zad_12.csproj", "{5327A768-FF73-48C6-B30B-92568040A260}"
EndProject
Project("{FAE04EC0-301F-11D3-BF4B-00C04F79EFBC}") = "Zad_13", "Zad_13\Zad_13.csproj", "{55F8939E-6A6A-413A-A13B-E4FE45CD2549}"
EndProject
Project("{FAE04EC0-301F-11D3-BF4B-00C04F79EFBC}") = "Zad_14", "Zad_14\Zad_14.csproj", "{28D0F95A-C9D3-430B-A970-A3CE449AD375}"
EndProject
Project("{FAE04EC0-301F-11D3-BF4B-00C04F79EFBC}") = "Zad_15", "Zad_15\Zad_15.csproj", "{934FD81E-04EB-4FBA-A6EA-6EB49C8B84CA}"
EndProject
Project("{FAE04EC0-301F-11D3-BF4B-00C04F79EFBC}") = "Zad_16", "Zad_16\Zad_16.csproj", "{8733C958-81DF-42BB-8842-7840847743D6}"
EndProject
Global
	GlobalSection(SolutionConfigurationPlatforms) = preSolution
		Debug|Any CPU = Debug|Any CPU
		Release|Any CPU = Release|Any CPU
	EndGlobalSection
	GlobalSection(ProjectConfigurationPlatforms) = postSolution
		{1BE1763E-A838-4918-9305-CE50853429A5}.Debug|Any CPU.ActiveCfg = Debug|Any CPU
		{1BE1763E-A838-4918-9305-CE50853429A5}.Debug|Any CPU.Build.0 = Debug|Any CPU
		{1BE1763E-A838-4918-9305-CE50853429A5}.Release|Any CPU.ActiveCfg = Release|Any CPU
		{1BE1763E-A838-4918-9305-CE50853429A5}.Release|Any CPU.Build.0 = Release|Any CPU
		{DC48A612-43C0-40E9-AA3F-694E0D2A8F46}.Debug|Any CPU.ActiveCfg = Debug|Any CPU
		{DC48A612-43C0-40E9-AA3F-694E0D2A8F46}.Debug|Any CPU.Build.0 = Debug|Any CPU
		{DC48A612-43C0-40E9-AA3F-694E0D2A8F46}.Release|Any CPU.ActiveCfg = Release|Any CPU
		{DC48A612-43C0-40E9-AA3F-694E0D2A8F46}.Release|Any CPU.Build.0 = Release|Any CPU
		{FD0D3C72-9681-4B87-9A91-2870E8EF70B4}.Debug|Any CPU.ActiveCfg = Debug|Any CPU
		{FD0D3C72-9681-4B87-9A91-2870E8EF70B4}.Debug|Any CPU.Build.0 = Debug|Any CPU
		{FD0D3C72-9681-4B87-9A91-2870E8EF70B4}.Release|Any CPU.ActiveCfg = Release|Any CPU
		{FD0D3C72-9681-4B87-9A91-2870E8EF70B4}.Release|Any CPU.Build.0 = Release|Any CPU
		{90475A9B-B852-4AEC-A2AE-9DF9EECDFD4A}.Debug|Any CPU.ActiveCfg = Debug|Any CPU
		{90475A9B-B852-4AEC-A2AE-9DF9EECDFD4A}.Debug|Any CPU.Build.0 = Debug|Any CPU
		{90475A9B-B852-4AEC-A2AE-9DF9EECDFD4A}.Release|Any CPU.ActiveCfg = Release|Any CPU
		{90475A9B-B852-4AEC-A2AE-9DF9EECDFD4A}.Release|Any CPU.Build.0 = Release|Any CPU
		{48F0BFF7-4878-49A8-B10C-BD6591269DCD}.Debug|Any CPU.ActiveCfg = Debug|Any CPU
		{48F0BFF7-4878-49A8-B10C-BD6591269DCD}.Debug|Any CPU.Build.0 = Debug|Any CPU
		{48F0BFF7-4878-49A8-B10C-BD6591269DCD}.Release|Any CPU.ActiveCfg = Release|Any CPU
		{48F0BFF7-4878-49A8-B10C-BD6591269DCD}.Release|Any CPU.Build.0 = Release|Any CPU
		{31E9C7DC-7D98-4EF4-9E12-CCFC35901F0F}.Debug|Any CPU.ActiveCfg = Debug|Any CPU
		{31E9C7DC-7D98-4EF4-9E12-CCFC35901F0F}.Debug|Any CPU.Build.0 = Debug|Any CPU
		{31E9C7DC-7D98-4EF4-9E12-CCFC35901F0F}.Release|Any CPU.ActiveCfg = Release|Any CPU
		{31E9C7DC-7D98-4EF4-9E12-CCFC35901F0F}.Release|Any CPU.Build.0 = Release|Any CPU
		{2E6A969B-0861-4E23-B81E-5825202637DD}.Debug|Any CPU.ActiveCfg = Debug|Any CPU
		{2E6A969B-0861-4E23-B81E-5825202637DD}.Debug|Any CPU.Build.0 = Debug|Any CPU
		{2E6A969B-0861-4E23-B81E-5825202637DD}.Release|Any CPU.ActiveCfg = Release|Any CPU
		{2E6A969B-0861-4E23-B81E-5825202637DD}.Release|Any CPU.Build.0 = Release|Any CPU
		{54A19034-4A53-4A76-8672-CFF56E9EE0DF}.Debug|Any CPU.ActiveCfg = Debug|Any CPU
		{54A19034-4A53-4A76-8672-CFF56E9EE0DF}.Debug|Any CPU.Build.0 = Debug|Any CPU
		{54A19034-4A53-4A76-8672-CFF56E9EE0DF}.Release|Any CPU.ActiveCfg = Release|Any CPU
		{54A19034-4A53-4A76-8672-CFF56E9EE0DF}.Release|Any CPU.Build.0 = Release|Any CPU
		{0AA00F76-B59C-4B0D-91AC-D00D27454AE9}.Debug|Any CPU.ActiveCfg = Debug|Any CPU
		{0AA00F76-B59C-4B0D-91AC-D00D27454AE9}.Debug|Any CPU.Build.0 = Debug|Any CPU
		{0AA00F76-B59C-4B0D-91AC-D00D27454AE9}.Release|Any CPU.ActiveCfg = Release|Any CPU
		{0AA00F76-B59C-4B0D-91AC-D00D27454AE9}.Release|Any CPU.Build.0 = Release|Any CPU
		{8C694552-C538-46BB-A6F2-A199B1F908FD}.Debug|Any CPU.ActiveCfg = Debug|Any CPU
		{8C694552-C538-46BB-A6F2-A199B1F908FD}.Debug|Any CPU.Build.0 = Debug|Any CPU
		{8C694552-C538-46BB-A6F2-A199B1F908FD}.Release|Any CPU.ActiveCfg = Release|Any CPU
		{8C694552-C538-46BB-A6F2-A199B1F908FD}.Release|Any CPU.Build.0 = Release|Any CPU
		{7DBBEF0A-5258-4D7A-84B8-EE60D4158A6F}.Debug|Any CPU.ActiveCfg = Debug|Any CPU
		{7DBBEF0A-5258-4D7A-84B8-EE60D4158A6F}.Debug|Any CPU.Build.0 = Debug|Any CPU
		{7DBBEF0A-5258-4D7A-84B8-EE60D4158A6F}.Release|Any CPU.ActiveCfg = Release|Any CPU
		{7DBBEF0A-5258-4D7A-84B8-EE60D4158A6F}.Release|Any CPU.Build.0 = Release|Any CPU
		{5327A768-FF73-48C6-B30B-92568040A260}.Debug|Any CPU.ActiveCfg = Debug|Any CPU
		{5327A768-FF73-48C6-B30B-92568040A260}.Debug|Any CPU.Build.0 = Debug|Any CPU
		{5327A768-FF73-48C6-B30B-92568040A260}.Release|Any CPU.ActiveCfg = Release|Any CPU
		{5327A768-FF73-48C6-B30B-92568040A260}.Release|Any CPU.Build.0 = Release|Any CPU
		{55F8939E-6A6A-413A-A13B-E4FE45CD2549}.Debug|Any CPU.ActiveCfg = Debug|Any CPU
		{55F8939E-6A6A-413A-A13B-E4FE45CD2549}.Debug|Any CPU.Build.0 = Debug|Any CPU
		{55F8939E-6A6A-413A-A13B-E4FE45CD2549}.Release|Any CPU.ActiveCfg = Release|Any CPU
		{55F8939E-6A6A-413A-A13B-E4FE45CD2549}.Release|Any CPU.Build.0 = Release|Any CPU
		{28D0F95A-C9D3-430B-A970-A3CE449AD375}.Debug|Any CPU.ActiveCfg = Debug|Any CPU
		{28D0F95A-C9D3-430B-A970-A3CE449AD375}.Debug|Any CPU.Build.0 = Debug|Any CPU
		{28D0F95A-C9D3-430B-A970-A3CE449AD375}.Release|Any CPU.ActiveCfg = Release|Any CPU
		{28D0F95A-C9D3-430B-A970-A3CE449AD375}.Release|Any CPU.Build.0 = Release|Any CPU
		{934FD81E-04EB-4FBA-A6EA-6EB49C8B84CA}.Debug|Any CPU.ActiveCfg = Debug|Any CPU
		{934FD81E-04EB-4FBA-A6EA-6EB49C8B84CA}.Debug|Any CPU.Build.0 = Debug|Any CPU
		{934FD81E-04EB-4FBA-A6EA-6EB49C8B84CA}.Release|Any CPU.ActiveCfg = Release|Any CPU
		{934FD81E-04EB-4FBA-A6EA-6EB49C8B84CA}.Release|Any CPU.Build.0 = Release|Any CPU
		{8733C958-81DF-42BB-8842-7840847743D6}.Debug|Any CPU.ActiveCfg = Debug|Any CPU
		{8733C958-81DF-42BB-8842-7840847743D6}.Debug|Any CPU.Build.0 = Debug|Any CPU
		{8733C958-81DF-42BB-8842-7840847743D6}.Release|Any CPU.ActiveCfg = Release|Any CPU
		{8733C958-81DF-42BB-8842-7840847743D6}.Release|Any CPU.Build.0 = Release|Any CPU
	EndGlobalSection
	GlobalSection(SolutionProperties) = preSolution
		HideSolutionNode = FALSE
	EndGlobalSection
	GlobalSection(ExtensibilityGlobals) = postSolution
		SolutionGuid = {56C83E0F-8E07-4D85-BE6E-078FB5FC7595}
	EndGlobalSection
EndGlobal
