
Microsoft Visual Studio Solution File, Format Version 12.00
# Visual Studio Version 17
VisualStudioVersion = 17.9.34728.123
MinimumVisualStudioVersion = 10.0.40219.1
Project("{FAE04EC0-301F-11D3-BF4B-00C04F79EFBC}") = "Zad_1", "Zad_1\Zad_1.csproj", "{6157570C-A585-4C5B-BF87-1C2C74577A4B}"
EndProject
Project("{FAE04EC0-301F-11D3-BF4B-00C04F79EFBC}") = "Zad_2", "Zad_2\Zad_2.csproj", "{278DFCC0-33AC-4BC4-AA2C-DC3D1C15E3B6}"
EndProject
Project("{FAE04EC0-301F-11D3-BF4B-00C04F79EFBC}") = "Zad_3", "Zad_3\Zad_3.csproj", "{18EE3F03-7354-4231-9A46-9630F33EDA4B}"
EndProject
Project("{FAE04EC0-301F-11D3-BF4B-00C04F79EFBC}") = "Zad_4", "Zad_4\Zad_4.csproj", "{013A798F-71B9-4C6D-B89E-D1C1A450DF26}"
EndProject
Global
	GlobalSection(SolutionConfigurationPlatforms) = preSolution
		Debug|Any CPU = Debug|Any CPU
		Release|Any CPU = Release|Any CPU
	EndGlobalSection
	GlobalSection(ProjectConfigurationPlatforms) = postSolution
		{6157570C-A585-4C5B-BF87-1C2C74577A4B}.Debug|Any CPU.ActiveCfg = Debug|Any CPU
		{6157570C-A585-4C5B-BF87-1C2C74577A4B}.Debug|Any CPU.Build.0 = Debug|Any CPU
		{6157570C-A585-4C5B-BF87-1C2C74577A4B}.Release|Any CPU.ActiveCfg = Release|Any CPU
		{6157570C-A585-4C5B-BF87-1C2C74577A4B}.Release|Any CPU.Build.0 = Release|Any CPU
		{278DFCC0-33AC-4BC4-AA2C-DC3D1C15E3B6}.Debug|Any CPU.ActiveCfg = Debug|Any CPU
		{278DFCC0-33AC-4BC4-AA2C-DC3D1C15E3B6}.Debug|Any CPU.Build.0 = Debug|Any CPU
		{278DFCC0-33AC-4BC4-AA2C-DC3D1C15E3B6}.Release|Any CPU.ActiveCfg = Release|Any CPU
		{278DFCC0-33AC-4BC4-AA2C-DC3D1C15E3B6}.Release|Any CPU.Build.0 = Release|Any CPU
		{18EE3F03-7354-4231-9A46-9630F33EDA4B}.Debug|Any CPU.ActiveCfg = Debug|Any CPU
		{18EE3F03-7354-4231-9A46-9630F33EDA4B}.Debug|Any CPU.Build.0 = Debug|Any CPU
		{18EE3F03-7354-4231-9A46-9630F33EDA4B}.Release|Any CPU.ActiveCfg = Release|Any CPU
		{18EE3F03-7354-4231-9A46-9630F33EDA4B}.Release|Any CPU.Build.0 = Release|Any CPU
		{013A798F-71B9-4C6D-B89E-D1C1A450DF26}.Debug|Any CPU.ActiveCfg = Debug|Any CPU
		{013A798F-71B9-4C6D-B89E-D1C1A450DF26}.Debug|Any CPU.Build.0 = Debug|Any CPU
		{013A798F-71B9-4C6D-B89E-D1C1A450DF26}.Release|Any CPU.ActiveCfg = Release|Any CPU
		{013A798F-71B9-4C6D-B89E-D1C1A450DF26}.Release|Any CPU.Build.0 = Release|Any CPU
	EndGlobalSection
	GlobalSection(SolutionProperties) = preSolution
		HideSolutionNode = FALSE
	EndGlobalSection
	GlobalSection(ExtensibilityGlobals) = postSolution
		SolutionGuid = {0F41539E-DBDF-4083-9C43-F371197F450F}
	EndGlobalSection
EndGlobal
