
Microsoft Visual Studio Solution File, Format Version 12.00
# Visual Studio Version 17
VisualStudioVersion = 17.9.34728.123
MinimumVisualStudioVersion = 10.0.40219.1
Project("{FAE04EC0-301F-11D3-BF4B-00C04F79EFBC}") = "Zad_1", "Zad_1\Zad_1.csproj", "{6F0A8791-F58C-47B9-8B9C-73748072BF6C}"
EndProject
Project("{FAE04EC0-301F-11D3-BF4B-00C04F79EFBC}") = "Zad_2", "Zad_2\Zad_2.csproj", "{39F5E140-F865-4238-A885-9693F2D432A3}"
EndProject
Project("{FAE04EC0-301F-11D3-BF4B-00C04F79EFBC}") = "Zad_3", "Zad_3\Zad_3.csproj", "{F43A3345-40C9-4E39-8CF1-89CF874A86B4}"
EndProject
Project("{FAE04EC0-301F-11D3-BF4B-00C04F79EFBC}") = "Zad_4", "Zad_4\Zad_4.csproj", "{587A91B7-593F-4AB7-9047-1D138D1455E2}"
EndProject
Global
	GlobalSection(SolutionConfigurationPlatforms) = preSolution
		Debug|Any CPU = Debug|Any CPU
		Release|Any CPU = Release|Any CPU
	EndGlobalSection
	GlobalSection(ProjectConfigurationPlatforms) = postSolution
		{6F0A8791-F58C-47B9-8B9C-73748072BF6C}.Debug|Any CPU.ActiveCfg = Debug|Any CPU
		{6F0A8791-F58C-47B9-8B9C-73748072BF6C}.Debug|Any CPU.Build.0 = Debug|Any CPU
		{6F0A8791-F58C-47B9-8B9C-73748072BF6C}.Release|Any CPU.ActiveCfg = Release|Any CPU
		{6F0A8791-F58C-47B9-8B9C-73748072BF6C}.Release|Any CPU.Build.0 = Release|Any CPU
		{39F5E140-F865-4238-A885-9693F2D432A3}.Debug|Any CPU.ActiveCfg = Debug|Any CPU
		{39F5E140-F865-4238-A885-9693F2D432A3}.Debug|Any CPU.Build.0 = Debug|Any CPU
		{39F5E140-F865-4238-A885-9693F2D432A3}.Release|Any CPU.ActiveCfg = Release|Any CPU
		{39F5E140-F865-4238-A885-9693F2D432A3}.Release|Any CPU.Build.0 = Release|Any CPU
		{F43A3345-40C9-4E39-8CF1-89CF874A86B4}.Debug|Any CPU.ActiveCfg = Debug|Any CPU
		{F43A3345-40C9-4E39-8CF1-89CF874A86B4}.Debug|Any CPU.Build.0 = Debug|Any CPU
		{F43A3345-40C9-4E39-8CF1-89CF874A86B4}.Release|Any CPU.ActiveCfg = Release|Any CPU
		{F43A3345-40C9-4E39-8CF1-89CF874A86B4}.Release|Any CPU.Build.0 = Release|Any CPU
		{587A91B7-593F-4AB7-9047-1D138D1455E2}.Debug|Any CPU.ActiveCfg = Debug|Any CPU
		{587A91B7-593F-4AB7-9047-1D138D1455E2}.Debug|Any CPU.Build.0 = Debug|Any CPU
		{587A91B7-593F-4AB7-9047-1D138D1455E2}.Release|Any CPU.ActiveCfg = Release|Any CPU
		{587A91B7-593F-4AB7-9047-1D138D1455E2}.Release|Any CPU.Build.0 = Release|Any CPU
	EndGlobalSection
	GlobalSection(SolutionProperties) = preSolution
		HideSolutionNode = FALSE
	EndGlobalSection
	GlobalSection(ExtensibilityGlobals) = postSolution
		SolutionGuid = {0A6B0110-7517-4135-8D9A-FCB78F5745CE}
	EndGlobalSection
EndGlobal
